
Microsoft Visual Studio Solution File, Format Version 12.00
# Visual Studio Version 17
VisualStudioVersion = 17.8.34525.116
MinimumVisualStudioVersion = 10.0.40219.1
Project("{9A19103F-16F7-4668-BE54-9A1E7A4F7556}") = "RecipeWebsite", "RecipeWebsite.csproj", "{BD8FD6CD-05FB-4C6F-B35C-D7443CD25CE2}"
EndProject
Project("{2150E333-8FDC-42A3-9474-1A3956D46DE8}") = "Solution Items", "Solution Items", "{3DB9A78C-CC5B-42AA-993E-66254EE40692}"
	ProjectSection(SolutionItems) = preProject
		.editorconfig = .editorconfig
	EndProjectSection
EndProject
Global
	GlobalSection(SolutionConfigurationPlatforms) = preSolution
		Debug|Any CPU = Debug|Any CPU
		Release|Any CPU = Release|Any CPU
	EndGlobalSection
	GlobalSection(ProjectConfigurationPlatforms) = postSolution
		{BD8FD6CD-05FB-4C6F-B35C-D7443CD25CE2}.Debug|Any CPU.ActiveCfg = Debug|Any CPU
		{BD8FD6CD-05FB-4C6F-B35C-D7443CD25CE2}.Debug|Any CPU.Build.0 = Debug|Any CPU
		{BD8FD6CD-05FB-4C6F-B35C-D7443CD25CE2}.Release|Any CPU.ActiveCfg = Release|Any CPU
		{BD8FD6CD-05FB-4C6F-B35C-D7443CD25CE2}.Release|Any CPU.Build.0 = Release|Any CPU
	EndGlobalSection
	GlobalSection(SolutionProperties) = preSolution
		HideSolutionNode = FALSE
	EndGlobalSection
	GlobalSection(ExtensibilityGlobals) = postSolution
		SolutionGuid = {84E15454-5B3C-4EC9-85FA-7682441315BC}
	EndGlobalSection
EndGlobal
